
Microsoft Visual Studio Solution File, Format Version 12.00
# Visual Studio Version 17
VisualStudioVersion = 17.10.35004.147
MinimumVisualStudioVersion = 10.0.40219.1
Project("{FAE04EC0-301F-11D3-BF4B-00C04F79EFBC}") = "WEB-API", "WEB-API\WEB-API.csproj", "{BE1B4BEE-BDE2-4A49-B7E3-D5A7DF4E2BF7}"
EndProject
Global
	GlobalSection(SolutionConfigurationPlatforms) = preSolution
		Debug|Any CPU = Debug|Any CPU
		Release|Any CPU = Release|Any CPU
	EndGlobalSection
	GlobalSection(ProjectConfigurationPlatforms) = postSolution
		{BE1B4BEE-BDE2-4A49-B7E3-D5A7DF4E2BF7}.Debug|Any CPU.ActiveCfg = Debug|Any CPU
		{BE1B4BEE-BDE2-4A49-B7E3-D5A7DF4E2BF7}.Debug|Any CPU.Build.0 = Debug|Any CPU
		{BE1B4BEE-BDE2-4A49-B7E3-D5A7DF4E2BF7}.Release|Any CPU.ActiveCfg = Release|Any CPU
		{BE1B4BEE-BDE2-4A49-B7E3-D5A7DF4E2BF7}.Release|Any CPU.Build.0 = Release|Any CPU
	EndGlobalSection
	GlobalSection(SolutionProperties) = preSolution
		HideSolutionNode = FALSE
	EndGlobalSection
	GlobalSection(ExtensibilityGlobals) = postSolution
		SolutionGuid = {78B7EFC1-681B-4BEB-80D8-CE9190D5E3D9}
	EndGlobalSection
EndGlobal
